
Microsoft Visual Studio Solution File, Format Version 12.00
# Visual Studio Version 16
VisualStudioVersion = 16.0.29209.62
MinimumVisualStudioVersion = 10.0.40219.1
Project("{FAE04EC0-301F-11D3-BF4B-00C04F79EFBC}") = "UserService", "UserService\UserService.csproj", "{A45ADBC7-AE47-4AFD-851D-B46BA07C26B6}"
EndProject
Global
	GlobalSection(SolutionConfigurationPlatforms) = preSolution
		Debug|Any CPU = Debug|Any CPU
		Release|Any CPU = Release|Any CPU
	EndGlobalSection
	GlobalSection(ProjectConfigurationPlatforms) = postSolution
		{A45ADBC7-AE47-4AFD-851D-B46BA07C26B6}.Debug|Any CPU.ActiveCfg = Debug|Any CPU
		{A45ADBC7-AE47-4AFD-851D-B46BA07C26B6}.Debug|Any CPU.Build.0 = Debug|Any CPU
		{A45ADBC7-AE47-4AFD-851D-B46BA07C26B6}.Release|Any CPU.ActiveCfg = Release|Any CPU
		{A45ADBC7-AE47-4AFD-851D-B46BA07C26B6}.Release|Any CPU.Build.0 = Release|Any CPU
	EndGlobalSection
	GlobalSection(SolutionProperties) = preSolution
		HideSolutionNode = FALSE
	EndGlobalSection
	GlobalSection(ExtensibilityGlobals) = postSolution
		SolutionGuid = {C7325F06-6AB3-492C-8B7A-A704C2D947F1}
	EndGlobalSection
EndGlobal
